
Microsoft Visual Studio Solution File, Format Version 12.00
# Visual Studio Version 17
VisualStudioVersion = 17.4.33110.190
MinimumVisualStudioVersion = 10.0.40219.1
Project("{FAE04EC0-301F-11D3-BF4B-00C04F79EFBC}") = "28-11-inh-tasks", "28-11-inh-tasks\28-11-inh-tasks.csproj", "{F726EF48-8614-4361-AE54-F9C315976616}"
EndProject
Global
	GlobalSection(SolutionConfigurationPlatforms) = preSolution
		Debug|Any CPU = Debug|Any CPU
		Release|Any CPU = Release|Any CPU
	EndGlobalSection
	GlobalSection(ProjectConfigurationPlatforms) = postSolution
		{F726EF48-8614-4361-AE54-F9C315976616}.Debug|Any CPU.ActiveCfg = Debug|Any CPU
		{F726EF48-8614-4361-AE54-F9C315976616}.Debug|Any CPU.Build.0 = Debug|Any CPU
		{F726EF48-8614-4361-AE54-F9C315976616}.Release|Any CPU.ActiveCfg = Release|Any CPU
		{F726EF48-8614-4361-AE54-F9C315976616}.Release|Any CPU.Build.0 = Release|Any CPU
	EndGlobalSection
	GlobalSection(SolutionProperties) = preSolution
		HideSolutionNode = FALSE
	EndGlobalSection
	GlobalSection(ExtensibilityGlobals) = postSolution
		SolutionGuid = {59C71B90-C7AA-4D22-AE4F-5F26CEFF4D76}
	EndGlobalSection
EndGlobal
